# This file was autogenerated by Stack.
# You should not edit this file by hand.
# For more information, please see the documentation at:
#   https://docs.haskellstack.org/en/stable/lock_files

packages: []
snapshots:
- completed:
    size: 526548
    url: https://raw.githubusercontent.com/commercialhaskell/stackage-snapshots/master/nightly/2020/5/16.yaml
    sha256: 5109b8296889fc0d925989f6aa3a12e51cd2f21cb95ecd38b524fbc8309bda1e
  original: nightly-2020-05-16
